golang.org/x/sys v0.1.0 h1:kunALQeHf1/185U1i0GOB/fy1IPRDDpuoOOqRReG57U=
golang.org/x/sys v0.1.0/go.mod h1:oPkhp1MJrh7nUepCBck5+mAzfO9JrbApNNgaTdGDITg=
pault.ag/go/topsort v0.0.0-20160530003732-f98d2ad46e1a h1:WwS7vlB5H2AtwKj1jsGwp2ZLud1x6WXRXh2fXsRqrcA=
pault.ag/go/topsort v0.0.0-20160530003732-f98d2ad46e1a/go.mod h1:INqx0ClF7kmPAMk2zVTX8DRnhZ/yaA/Mg52g8KFKE7k=
